
Microsoft Visual Studio Solution File, Format Version 12.00
# Visual Studio Version 16
VisualStudioVersion = 16.0.31515.178
MinimumVisualStudioVersion = 10.0.40219.1
Project("{FAE04EC0-301F-11D3-BF4B-00C04F79EFBC}") = "ExamApp", "ExamApp.csproj", "{35BEC227-D3EC-4234-A4F6-312555696E70}"
EndProject
Global
	GlobalSection(SolutionConfigurationPlatforms) = preSolution
		Debug|Any CPU = Debug|Any CPU
		Release|Any CPU = Release|Any CPU
	EndGlobalSection
	GlobalSection(ProjectConfigurationPlatforms) = postSolution
		{35BEC227-D3EC-4234-A4F6-312555696E70}.Debug|Any CPU.ActiveCfg = Debug|Any CPU
		{35BEC227-D3EC-4234-A4F6-312555696E70}.Debug|Any CPU.Build.0 = Debug|Any CPU
		{35BEC227-D3EC-4234-A4F6-312555696E70}.Release|Any CPU.ActiveCfg = Release|Any CPU
		{35BEC227-D3EC-4234-A4F6-312555696E70}.Release|Any CPU.Build.0 = Release|Any CPU
	EndGlobalSection
	GlobalSection(SolutionProperties) = preSolution
		HideSolutionNode = FALSE
	EndGlobalSection
	GlobalSection(ExtensibilityGlobals) = postSolution
		SolutionGuid = {3755E90E-DF89-4C32-A07E-1138E99277D2}
	EndGlobalSection
EndGlobal
